
Microsoft Visual Studio Solution File, Format Version 12.00
# Visual Studio 15
VisualStudioVersion = 15.0.26430.14
MinimumVisualStudioVersion = 10.0.40219.1
Project("{2150E333-8FDC-42A3-9474-1A3956D46DE8}") = "Runtime", "Runtime", "{E6AA772D-C9EF-47CE-9314-9A1860D2373A}"
EndProject
Project("{2150E333-8FDC-42A3-9474-1A3956D46DE8}") = "SCPCB", "SCPCB", "{92958335-B1F8-4F53-B4F2-3ED8D0A571F3}"
EndProject
Project("{8BC9CEB8-8B4A-11D0-8D11-00A0C91BC942}") = "SCPCB", "Src\SCPCB\SCPCB.vcxproj", "{EBF63DF4-1D71-45A2-9B88-D5005F6E30DF}"
	ProjectSection(ProjectDependencies) = postProject
		{60BB991F-8721-4A17-9F70-79D0EE5507FA} = {60BB991F-8721-4A17-9F70-79D0EE5507FA}
		{A124D746-4A3B-401D-AE99-6A838595BC8C} = {A124D746-4A3B-401D-AE99-6A838595BC8C}
		{C91984FA-1292-4172-9124-160B341C8D87} = {C91984FA-1292-4172-9124-160B341C8D87}
	EndProjectSection
EndProject
Project("{8BC9CEB8-8B4A-11D0-8D11-00A0C91BC942}") = "RuntimeTest", "Src\RuntimeTest\RuntimeTest.vcxproj", "{F3F71C19-BCBA-4051-86D5-82AA2A5833F3}"
	ProjectSection(ProjectDependencies) = postProject
		{60BB991F-8721-4A17-9F70-79D0EE5507FA} = {60BB991F-8721-4A17-9F70-79D0EE5507FA}
		{A124D746-4A3B-401D-AE99-6A838595BC8C} = {A124D746-4A3B-401D-AE99-6A838595BC8C}
		{C91984FA-1292-4172-9124-160B341C8D87} = {C91984FA-1292-4172-9124-160B341C8D87}
	EndProjectSection
EndProject
Project("{8BC9CEB8-8B4A-11D0-8D11-00A0C91BC942}") = "gxruntime", "Src\Runtime\gxruntime\gxruntime.vcxproj", "{A124D746-4A3B-401D-AE99-6A838595BC8C}"
EndProject
Project("{8BC9CEB8-8B4A-11D0-8D11-00A0C91BC942}") = "blitz3d", "Src\Runtime\blitz3d\blitz3d.vcxproj", "{60BB991F-8721-4A17-9F70-79D0EE5507FA}"
EndProject
Project("{8BC9CEB8-8B4A-11D0-8D11-00A0C91BC942}") = "bbruntime", "Src\Runtime\bbruntime\bbruntime.vcxproj", "{C91984FA-1292-4172-9124-160B341C8D87}"
EndProject
Global
	GlobalSection(SolutionConfigurationPlatforms) = preSolution
		Debug|x64 = Debug|x64
		Debug|x86 = Debug|x86
		Release|x64 = Release|x64
		Release|x86 = Release|x86
	EndGlobalSection
	GlobalSection(ProjectConfigurationPlatforms) = postSolution
		{EBF63DF4-1D71-45A2-9B88-D5005F6E30DF}.Debug|x64.ActiveCfg = Debug|x64
		{EBF63DF4-1D71-45A2-9B88-D5005F6E30DF}.Debug|x64.Build.0 = Debug|x64
		{EBF63DF4-1D71-45A2-9B88-D5005F6E30DF}.Debug|x86.ActiveCfg = Debug|Win32
		{EBF63DF4-1D71-45A2-9B88-D5005F6E30DF}.Debug|x86.Build.0 = Debug|Win32
		{EBF63DF4-1D71-45A2-9B88-D5005F6E30DF}.Release|x64.ActiveCfg = Release|x64
		{EBF63DF4-1D71-45A2-9B88-D5005F6E30DF}.Release|x64.Build.0 = Release|x64
		{EBF63DF4-1D71-45A2-9B88-D5005F6E30DF}.Release|x86.ActiveCfg = Release|Win32
		{EBF63DF4-1D71-45A2-9B88-D5005F6E30DF}.Release|x86.Build.0 = Release|Win32
		{F3F71C19-BCBA-4051-86D5-82AA2A5833F3}.Debug|x64.ActiveCfg = Debug|x64
		{F3F71C19-BCBA-4051-86D5-82AA2A5833F3}.Debug|x64.Build.0 = Debug|x64
		{F3F71C19-BCBA-4051-86D5-82AA2A5833F3}.Debug|x86.ActiveCfg = Debug|Win32
		{F3F71C19-BCBA-4051-86D5-82AA2A5833F3}.Debug|x86.Build.0 = Debug|Win32
		{F3F71C19-BCBA-4051-86D5-82AA2A5833F3}.Release|x64.ActiveCfg = Release|x64
		{F3F71C19-BCBA-4051-86D5-82AA2A5833F3}.Release|x64.Build.0 = Release|x64
		{F3F71C19-BCBA-4051-86D5-82AA2A5833F3}.Release|x86.ActiveCfg = Release|Win32
		{F3F71C19-BCBA-4051-86D5-82AA2A5833F3}.Release|x86.Build.0 = Release|Win32
		{A124D746-4A3B-401D-AE99-6A838595BC8C}.Debug|x64.ActiveCfg = Debug|x64
		{A124D746-4A3B-401D-AE99-6A838595BC8C}.Debug|x64.Build.0 = Debug|x64
		{A124D746-4A3B-401D-AE99-6A838595BC8C}.Debug|x86.ActiveCfg = Debug|Win32
		{A124D746-4A3B-401D-AE99-6A838595BC8C}.Debug|x86.Build.0 = Debug|Win32
		{A124D746-4A3B-401D-AE99-6A838595BC8C}.Release|x64.ActiveCfg = Release|x64
		{A124D746-4A3B-401D-AE99-6A838595BC8C}.Release|x64.Build.0 = Release|x64
		{A124D746-4A3B-401D-AE99-6A838595BC8C}.Release|x86.ActiveCfg = Release|Win32
		{A124D746-4A3B-401D-AE99-6A838595BC8C}.Release|x86.Build.0 = Release|Win32
		{60BB991F-8721-4A17-9F70-79D0EE5507FA}.Debug|x64.ActiveCfg = Debug|x64
		{60BB991F-8721-4A17-9F70-79D0EE5507FA}.Debug|x64.Build.0 = Debug|x64
		{60BB991F-8721-4A17-9F70-79D0EE5507FA}.Debug|x86.ActiveCfg = Debug|Win32
		{60BB991F-8721-4A17-9F70-79D0EE5507FA}.Debug|x86.Build.0 = Debug|Win32
		{60BB991F-8721-4A17-9F70-79D0EE5507FA}.Release|x64.ActiveCfg = Release|x64
		{60BB991F-8721-4A17-9F70-79D0EE5507FA}.Release|x64.Build.0 = Release|x64
		{60BB991F-8721-4A17-9F70-79D0EE5507FA}.Release|x86.ActiveCfg = Release|Win32
		{60BB991F-8721-4A17-9F70-79D0EE5507FA}.Release|x86.Build.0 = Release|Win32
		{C91984FA-1292-4172-9124-160B341C8D87}.Debug|x64.ActiveCfg = Debug|x64
		{C91984FA-1292-4172-9124-160B341C8D87}.Debug|x64.Build.0 = Debug|x64
		{C91984FA-1292-4172-9124-160B341C8D87}.Debug|x86.ActiveCfg = Debug|Win32
		{C91984FA-1292-4172-9124-160B341C8D87}.Debug|x86.Build.0 = Debug|Win32
		{C91984FA-1292-4172-9124-160B341C8D87}.Release|x64.ActiveCfg = Release|x64
		{C91984FA-1292-4172-9124-160B341C8D87}.Release|x64.Build.0 = Release|x64
		{C91984FA-1292-4172-9124-160B341C8D87}.Release|x86.ActiveCfg = Release|Win32
		{C91984FA-1292-4172-9124-160B341C8D87}.Release|x86.Build.0 = Release|Win32
	EndGlobalSection
	GlobalSection(SolutionProperties) = preSolution
		HideSolutionNode = FALSE
	EndGlobalSection
	GlobalSection(NestedProjects) = preSolution
		{EBF63DF4-1D71-45A2-9B88-D5005F6E30DF} = {92958335-B1F8-4F53-B4F2-3ED8D0A571F3}
		{F3F71C19-BCBA-4051-86D5-82AA2A5833F3} = {92958335-B1F8-4F53-B4F2-3ED8D0A571F3}
		{A124D746-4A3B-401D-AE99-6A838595BC8C} = {E6AA772D-C9EF-47CE-9314-9A1860D2373A}
		{60BB991F-8721-4A17-9F70-79D0EE5507FA} = {E6AA772D-C9EF-47CE-9314-9A1860D2373A}
		{C91984FA-1292-4172-9124-160B341C8D87} = {E6AA772D-C9EF-47CE-9314-9A1860D2373A}
	EndGlobalSection
	GlobalSection(ExtensibilityGlobals) = postSolution
		SolutionGuid = {91E3F8F3-F6D5-41CC-A691-3CDFFDF21DD9}
	EndGlobalSection
EndGlobal
